
Microsoft Visual Studio Solution File, Format Version 12.00
# Visual Studio Version 17
VisualStudioVersion = 17.5.002.0
MinimumVisualStudioVersion = 10.0.40219.1
Project("{9A19103F-16F7-4668-BE54-9A1E7A4F7556}") = "AssignmentCrashCourse", "AssignmentCrashCourse.csproj", "{B0A75434-390F-4F88-BA3E-F9A1FA733239}"
EndProject
Global
	GlobalSection(SolutionConfigurationPlatforms) = preSolution
		Debug|Any CPU = Debug|Any CPU
		Release|Any CPU = Release|Any CPU
	EndGlobalSection
	GlobalSection(ProjectConfigurationPlatforms) = postSolution
		{B0A75434-390F-4F88-BA3E-F9A1FA733239}.Debug|Any CPU.ActiveCfg = Debug|Any CPU
		{B0A75434-390F-4F88-BA3E-F9A1FA733239}.Debug|Any CPU.Build.0 = Debug|Any CPU
		{B0A75434-390F-4F88-BA3E-F9A1FA733239}.Release|Any CPU.ActiveCfg = Release|Any CPU
		{B0A75434-390F-4F88-BA3E-F9A1FA733239}.Release|Any CPU.Build.0 = Release|Any CPU
	EndGlobalSection
	GlobalSection(SolutionProperties) = preSolution
		HideSolutionNode = FALSE
	EndGlobalSection
	GlobalSection(ExtensibilityGlobals) = postSolution
		SolutionGuid = {4F2DBE04-C942-44B6-A604-5B8461C0ECCB}
	EndGlobalSection
EndGlobal
